
Microsoft Visual Studio Solution File, Format Version 12.00
# Visual Studio 14
VisualStudioVersion = 14.0.25420.1
MinimumVisualStudioVersion = 10.0.40219.1
Project("{FAE04EC0-301F-11D3-BF4B-00C04F79EFBC}") = "project1", "project1\project1.csproj", "{41160797-4E7E-4292-80CE-A804776B62A2}"
EndProject
Project("{FAE04EC0-301F-11D3-BF4B-00C04F79EFBC}") = "project2Home", "project2Home\project2Home.csproj", "{5E629EF5-05EF-4279-B0C2-362C77A92E3C}"
EndProject
Project("{FAE04EC0-301F-11D3-BF4B-00C04F79EFBC}") = "Utilities", "Utilities\Utilities.csproj", "{B9C80420-F195-4D42-9C6F-9A097EA9B8F8}"
EndProject
Project("{FAE04EC0-301F-11D3-BF4B-00C04F79EFBC}") = "BookLibrary", "Book\BookLibrary.csproj", "{5C79C6A4-8061-4E28-8CF6-3AAD778D635B}"
EndProject
Project("{FAE04EC0-301F-11D3-BF4B-00C04F79EFBC}") = "project3Home", "project3Home\project3Home.csproj", "{A8D68BAB-37D4-4C51-A64D-87A40560EB1B}"
EndProject
Project("{FAE04EC0-301F-11D3-BF4B-00C04F79EFBC}") = "StudentLibrary", "StudentLibrary\StudentLibrary.csproj", "{187374C5-5495-4B77-9871-3EDC5E046750}"
EndProject
Global
	GlobalSection(SolutionConfigurationPlatforms) = preSolution
		Debug|Any CPU = Debug|Any CPU
		Release|Any CPU = Release|Any CPU
	EndGlobalSection
	GlobalSection(ProjectConfigurationPlatforms) = postSolution
		{41160797-4E7E-4292-80CE-A804776B62A2}.Debug|Any CPU.ActiveCfg = Debug|Any CPU
		{41160797-4E7E-4292-80CE-A804776B62A2}.Debug|Any CPU.Build.0 = Debug|Any CPU
		{41160797-4E7E-4292-80CE-A804776B62A2}.Release|Any CPU.ActiveCfg = Release|Any CPU
		{41160797-4E7E-4292-80CE-A804776B62A2}.Release|Any CPU.Build.0 = Release|Any CPU
		{5E629EF5-05EF-4279-B0C2-362C77A92E3C}.Debug|Any CPU.ActiveCfg = Debug|Any CPU
		{5E629EF5-05EF-4279-B0C2-362C77A92E3C}.Debug|Any CPU.Build.0 = Debug|Any CPU
		{5E629EF5-05EF-4279-B0C2-362C77A92E3C}.Release|Any CPU.ActiveCfg = Release|Any CPU
		{5E629EF5-05EF-4279-B0C2-362C77A92E3C}.Release|Any CPU.Build.0 = Release|Any CPU
		{B9C80420-F195-4D42-9C6F-9A097EA9B8F8}.Debug|Any CPU.ActiveCfg = Debug|Any CPU
		{B9C80420-F195-4D42-9C6F-9A097EA9B8F8}.Debug|Any CPU.Build.0 = Debug|Any CPU
		{B9C80420-F195-4D42-9C6F-9A097EA9B8F8}.Release|Any CPU.ActiveCfg = Release|Any CPU
		{B9C80420-F195-4D42-9C6F-9A097EA9B8F8}.Release|Any CPU.Build.0 = Release|Any CPU
		{5C79C6A4-8061-4E28-8CF6-3AAD778D635B}.Debug|Any CPU.ActiveCfg = Debug|Any CPU
		{5C79C6A4-8061-4E28-8CF6-3AAD778D635B}.Debug|Any CPU.Build.0 = Debug|Any CPU
		{5C79C6A4-8061-4E28-8CF6-3AAD778D635B}.Release|Any CPU.ActiveCfg = Release|Any CPU
		{5C79C6A4-8061-4E28-8CF6-3AAD778D635B}.Release|Any CPU.Build.0 = Release|Any CPU
		{A8D68BAB-37D4-4C51-A64D-87A40560EB1B}.Debug|Any CPU.ActiveCfg = Debug|Any CPU
		{A8D68BAB-37D4-4C51-A64D-87A40560EB1B}.Debug|Any CPU.Build.0 = Debug|Any CPU
		{A8D68BAB-37D4-4C51-A64D-87A40560EB1B}.Release|Any CPU.ActiveCfg = Release|Any CPU
		{A8D68BAB-37D4-4C51-A64D-87A40560EB1B}.Release|Any CPU.Build.0 = Release|Any CPU
		{187374C5-5495-4B77-9871-3EDC5E046750}.Debug|Any CPU.ActiveCfg = Debug|Any CPU
		{187374C5-5495-4B77-9871-3EDC5E046750}.Debug|Any CPU.Build.0 = Debug|Any CPU
		{187374C5-5495-4B77-9871-3EDC5E046750}.Release|Any CPU.ActiveCfg = Release|Any CPU
		{187374C5-5495-4B77-9871-3EDC5E046750}.Release|Any CPU.Build.0 = Release|Any CPU
	EndGlobalSection
	GlobalSection(SolutionProperties) = preSolution
		HideSolutionNode = FALSE
	EndGlobalSection
EndGlobal
